{
  "lockfileVersion": 1,
  "configVersion": 1,
  "workspaces": {
    "": {
      "name": "pleasance-api",
      "dependencies": {
        "@sentry/bun": "^11.4.0",
        "hono": "^4.13.12",
        "nodemailer": "^10.0.13",
      },
    },
  },
  "packages": {
    "@jridgewell/sourcemap-codec": ["@jridgewell/sourcemap-codec@1.6.0", "", {}, "sha512-T7jf+5zgsZHwNJ4lvQ7/aezbyk0nNX+zJVWpmHA7VYsEx7a7qr5Rg5IbtJFqkgze5Y2sruq1RUY8Q837Od7iFw=="],

    "@opentelemetry/api": ["@opentelemetry/api@1.9.1", "", {}, "sha512-gLyJlPHPZYdAk1JENA9LeHejZe1Ti77/pTeFm/nMXmQH/HFZlcS/O2XJB+L8fkbrNSqhdtlvjBVjxwUYanNH5Q=="],

    "@oxc-parser/binding-android-arm-eabi": ["@oxc-parser/binding-android-arm-eabi@0.152.0", "", { "os": "android", "cpu": "arm" }, "sha512-393VtirINkae4XHBTkq/yQxhOwEr4V+r0et37P2fp+sYZSdYgZTRDPo5Um8vBh0QjMZ+RmaMy4PP0qwr4cTMwA=="],

    "@oxc-parser/binding-android-arm64": ["@oxc-parser/binding-android-arm64@0.152.0", "", { "os": "android", "cpu": "arm64" }, "sha512-iYFcExATJNZ0rZj0o02THbD1Nc9jAW0nVgIQPee6ejbSASpbZXlIMw8jxtpzaG14JQTWwGSZ6U5dEtRJXE6V3Q=="],

    "@oxc-parser/binding-darwin-arm64": ["@oxc-parser/binding-darwin-arm64@0.152.0", "", { "os": "darwin", "cpu": "arm64" }, "sha512-fnU+DfUzi5/rFy0LzmipYRz06PAUUkOS8kCJQ3Eg6oqlunC1XZXoffFqxmdL51RmcbYtUG3P8DVG1U5fckoa2A=="],

    "@oxc-parser/binding-darwin-x64": ["@oxc-parser/binding-darwin-x64@0.152.0", "", { "os": "darwin", "cpu": "x64" }, "sha512-Y3U2okryWTs7hDld6UhjJwLNf8/do+x4g4C+1U5SiGwrTLwbO83WJYJA8+l9iFSilWBgnfpd/+U76tfeNxUHzA=="],

    "@oxc-parser/binding-freebsd-x64": ["@oxc-parser/binding-freebsd-x64@0.152.0", "", { "os": "freebsd", "cpu": "x64" }, "sha512-XkhkRrrPffEw+ZLv/d/5pEni0buxinm/E/N6fLbJCunD1DBbeCTtVP23ESV+4CWCWdSz397asks1ViGslpmWiQ=="],

    "@oxc-parser/binding-linux-arm-gnueabihf": ["@oxc-parser/binding-linux-arm-gnueabihf@0.152.0", "", { "os": "linux", "cpu": "arm" }, "sha512-MLzsRRbdfmdzo6JEhbC1yKU9ItfvM8tEf18HM32jCiNYZEz6J3bRBRl3cTkKR0vBdrk9ZVlcARXtwHccs+epDA=="],

    "@oxc-parser/binding-linux-arm-musleabihf": ["@oxc-parser/binding-linux-arm-musleabihf@0.152.0", "", { "os": "linux", "cpu": "arm" }, "sha512-HHerTEJz7Iy10Ji6BGsk4gqG6PU0UzFuBu91jIEOX89FnrI5ECWSEr7BLpkYQhp7U0QFtMnBhNfQKI0hYZK78w=="],

    "@oxc-parser/binding-linux-arm64-gnu": ["@oxc-parser/binding-linux-arm64-gnu@0.152.0", "", { "os": "linux", "cpu": "arm64" }, "sha512-9Bb8GyzZ2uSLzRDZ27usaKokr07mxiBe2dDF5b6bd2janmaJTT1gL51UfP7AU30yFiXrJvcRyFKREAgKwZYs0w=="],

    "@oxc-parser/binding-linux-arm64-musl": ["@oxc-parser/binding-linux-arm64-musl@0.152.0", "", { "os": "linux", "cpu": "arm64" }, "sha512-om7iDMUroI74A/lfRRWY9/Ev3VWrVsrUZ4tyvyh8raBey/sdcfyAD7tYWc+iykAiotnmftyKTpUKFr1QnaBrAQ=="],

    "@oxc-parser/binding-linux-ppc64-gnu": ["@oxc-parser/binding-linux-ppc64-gnu@0.152.0", "", { "os": "linux", "cpu": "ppc64" }, "sha512-Lf1OL2lMTqwDMFC6jnRb30B+WYHKV0XT+bPHcFM6xHtNVwxpobiTzUIvKH6a0LWpvfwyru8Yu6zCGHqqFHH+gg=="],

    "@oxc-parser/binding-linux-riscv64-gnu": ["@oxc-parser/binding-linux-riscv64-gnu@0.152.0", "", { "os": "linux", "cpu": "none" }, "sha512-BYWSMQK+YJ9ZILStPcmmiSVq8KEG9Qdq/c4BHPC3rUEq/fEDCVjUIwdj5ZzjgZ9P9is9PKu0tcAXzq1ZXg4urQ=="],

    "@oxc-parser/binding-linux-riscv64-musl": ["@oxc-parser/binding-linux-riscv64-musl@0.152.0", "", { "os": "linux", "cpu": "none" }, "sha512-d2LqHNNNqdH185sRK5dPKWZu201JrNu9/CRFuVEuT+ht7n/QaVblEMWT9MALQPrDWYvhG10P+NSKJFquDWZ09w=="],

    "@oxc-parser/binding-linux-s390x-gnu": ["@oxc-parser/binding-linux-s390x-gnu@0.152.0", "", { "os": "linux", "cpu": "s390x" }, "sha512-8gBeHt5rA/8+pKhHl+zLggfa3L/V/L2at96p7ty6pBE7id6lFO19nFUc15u2PcjC4OYeYK465MKy1fhhbpFIGw=="],

    "@oxc-parser/binding-linux-x64-gnu": ["@oxc-parser/binding-linux-x64-gnu@0.152.0", "", { "os": "linux", "cpu": "x64" }, "sha512-ltgrSF6L+yPTVsIdaAyqKq3zTqzj/1VlNbxWZuxAe8flR3sWdyNsKvdXukoO8/ucJbLickhmieRBge+o/e8Ugw=="],

    "@oxc-parser/binding-linux-x64-musl": ["@oxc-parser/binding-linux-x64-musl@0.152.0", "", { "os": "linux", "cpu": "x64" }, "sha512-LcMp6BvrBnewSfdkLHoSqidhoAq4syKOTBV5TYHWd+2VnGkfD/nPRRVIzTBt/Lkbt7pfOFDGtkiTntFS0p6sQQ=="],

    "@oxc-parser/binding-openharmony-arm64": ["@oxc-parser/binding-openharmony-arm64@0.152.0", "", { "os": "none", "cpu": "arm64" }, "sha512-jbhoMCslVxzRCRNQ8TSHxjYdSKRvk8O6ciLVDkahJvmyHDzBqba/bMQHM6ULKj/rgHNNbSzlIiakdx8SEfkJzA=="],

    "@oxc-parser/binding-win32-arm64-msvc": ["@oxc-parser/binding-win32-arm64-msvc@0.152.0", "", { "os": "win32", "cpu": "arm64" }, "sha512-JZYVlhv36mr/nertnRB7vchJECOBb1Lz6lltalILsB+o9M/is+H6BEDRLQKdqA4JKs6NjJszo46+iM5sfwj6jQ=="],

    "@oxc-parser/binding-win32-ia32-msvc": ["@oxc-parser/binding-win32-ia32-msvc@0.152.0", "", { "os": "win32", "cpu": "ia32" }, "sha512-1X9oganvVsunRH0lH10UU05N+H9atpX6WsOybByUjwnfcd3h/0tYwvuv16XuHglrIUOnxV2TodbLVEwwafd64g=="],

    "@oxc-parser/binding-win32-x64-msvc": ["@oxc-parser/binding-win32-x64-msvc@0.152.0", "", { "os": "win32", "cpu": "x64" }, "sha512-sw0M80/dn9rcpu+Rqqph/C+MjvDDce6MlXmFjsNQtPEymha0eJy3ml6+foSUTqFfpDIDyHZZ4eoJ43IoMe8bJw=="],

    "@oxc-project/types": ["@oxc-project/types@0.152.0", "", {}, "sha512-oM/5rLBm2tPkg0iBgkH/FOeR3PCDpY19GTgAZjMFM8h9WI9VW7cLgzp6nwtarYKmovavIQZ+Fe/RKX/8C8O/Rw=="],

    "@sentry/bun": ["@sentry/bun@11.4.0", "", { "dependencies": { "@sentry/conventions": "^0.25.0", "@sentry/core": "11.4.0", "@sentry/node": "11.4.0", "@sentry/server-utils": "11.4.0" } }, "sha512-yRHk3f7ofNiKZuQQFOdNDLYgQ1mcaXw7w7DNDJ0sj1GVyTfFsnpG0d/EdLQ0HrSRMAuALF5KSSy/WScAPDNoLg=="],

    "@sentry/bundler-plugins": ["@sentry/bundler-plugins@11.4.0", "", { "dependencies": { "@sentry/core": "11.4.0", "dotenv": "^17.4.2", "glob": "^13.0.6", "magic-string": "~0.30.8 || ^1.0.0", "oxc-parser": "^0.152.0", "sentry": "^0.45.0", "supports-color": "^8.1.1" }, "peerDependencies": { "@babel/core": "^7.18.5", "rollup": ">=3.2.0", "webpack": ">=5.1.0" }, "optionalPeers": ["@babel/core", "rollup", "webpack"] }, "sha512-THgOMIaA0AMVF4TiCIbugK2jlLYCBIhRF0gclrj7Fte3RMZytkXeH8XeoaR6C6MJTyLCNkEOEccwX9Jj2xOc8g=="],

    "@sentry/conventions": ["@sentry/conventions@0.25.0", "", {}, "sha512-7SouCAX3qx+AzLsxb6gbl3dKVWNhp2wFjdYQ/T90sGwqPPQUoZVA9YwsWwvx07hqcCiSqFW9mUAzyUftASnuhQ=="],

    "@sentry/core": ["@sentry/core@11.4.0", "", { "dependencies": { "@sentry/conventions": "^0.25.0" } }, "sha512-kAhK8XVJuzu1IKx9uSu04OISxTU9BcIyDVOWbY/ATUCYr5Z6L7GRBtOGOlYCbxEuPtdZCw5TrbphnBsyO9fuTA=="],

    "@sentry/node": ["@sentry/node@11.4.0", "", { "dependencies": { "@opentelemetry/api": "^1.9.1", "@sentry/bundler-plugins": "11.4.0", "@sentry/conventions": "^0.25.0", "@sentry/core": "11.4.0", "@sentry/opentelemetry": "11.4.0", "@sentry/server-runtime-injection": "11.4.0", "@sentry/server-utils": "11.4.0" } }, "sha512-fW587LsZnsuGt1V++59xFCtZ/7jGO3GQq1F+l/Jx5DS18QApXQ99vlfS9H5bxuWixfi5/22ea9M8XjFpkkuzQg=="],

    "@sentry/opentelemetry": ["@sentry/opentelemetry@11.4.0", "", { "dependencies": { "@sentry/conventions": "^0.25.0", "@sentry/core": "11.4.0" }, "peerDependencies": { "@opentelemetry/api": "^1.9.0" } }, "sha512-GGDmV+VIGU1p3KGtgR32wrRJejSfEuafbEcSUK7Ww5oxDMYJyHXRSbFjVvGMoAG1ezTl0U6WtMUoWmalsfYHZg=="],

    "@sentry/server-runtime-injection": ["@sentry/server-runtime-injection@11.4.0", "", { "dependencies": { "@sentry/core": "11.4.0", "@sentry/server-utils": "11.4.0" } }, "sha512-8IaiqIJuJySztjxdC0UXP3lHlBAr8HsI8kUMEDV7REYhgmz2+B4BmKyyvaZfeasJlAvzkvSOLZ/Xco7kPikZdQ=="],

    "@sentry/server-utils": ["@sentry/server-utils@11.4.0", "", { "dependencies": { "@opentelemetry/api": "^1.9.1", "@sentry/conventions": "^0.25.0", "@sentry/core": "11.4.0" } }, "sha512-GA4RvjRXyKFawD7Zi5AlgHPvm9Q8d9VeWer6g9qj4mDavi+VuNFhRmhgsv1qU1l3hlUeMYCpbKhpDOaOH/TcoQ=="],

    "balanced-match": ["balanced-match@4.0.4", "", {}, "sha512-BLrgEcRTwX2o6gGxGOCNyMvGSp35YofuYzw9h1IMTRmKqttAZZVU67bdb9Pr2vUHA8+j3i2tJfjO6C6+4myGTA=="],

    "brace-expansion": ["brace-expansion@5.0.12", "", { "dependencies": { "balanced-match": "^4.0.2" } }, "sha512-YovQ3rzhaLMIrDjNDMkNS01tea93qhEhG5xy8f6+R0l+dw3Ki+5sCoIoI942iuLZTHWogWktgwVDhU09iNEimQ=="],

    "dotenv": ["dotenv@17.4.2", "", {}, "sha512-nI4U3TottKAcAD9LLud4Cb7b2QztQMUEfHbvhTH09bqXTxnSie8WnjPALV/WMCrJZ6UV/qHJ6L03OqO3LcdYZw=="],

    "glob": ["glob@13.0.6", "", { "dependencies": { "minimatch": "^10.2.2", "minipass": "^7.1.3", "path-scurry": "^2.0.2" } }, "sha512-Wjlyrolmm8uDpm/ogGyXZXb1Z+Ca2B8NbJwqBVg0axK9GbBeoS7yGV6vjXnYdGm6X53iehEuxxbyiKp8QmN4Vw=="],

    "has-flag": ["has-flag@4.0.0", "", {}, "sha512-EykJT/Q1KjTWctppgIAgfSO0tKVuZUjhgMr17kqTumMl6Afv3EISleU7qZUzoXDFTAHTDC4NOoG/ZxU3EvlMPQ=="],

    "hono": ["hono@4.13.12", "", {}, "sha512-6E2QDAc9Ick9Sq77ZrGS/dk2WUYni91aufTw6LJKpV7w8kW5/GxVUc650FOADOmlwg3K+f7Pun6XlV+pYmW6gw=="],

    "lru-cache": ["lru-cache@11.5.3", "", {}, "sha512-U4N8FgzmWxc8k1VH8Kr6lQg18U7Fjvby6wXHVRX/ZZ7IwWbRMgrRbP0Wrb5q5NVinryp4SQampHKdvtecItxUg=="],

    "magic-string": ["magic-string@1.4.2", "", { "dependencies": { "@jridgewell/sourcemap-codec": "^1.6.0" } }, "sha512-vG+rjFRj1PqdIBozIxAGMjPlOhaVe+GXpbttY/iSK7rGcJRMlwNJO7dcUwmUqkymsFLJiNGI06t4D7Fr7yRC9g=="],

    "minimatch": ["minimatch@10.2.6", "", { "dependencies": { "brace-expansion": "^5.0.8" } }, "sha512-vpLQEs+VLCr1nU0BXS07maYoFwlDAH0gngQuuttxIwutDFEMHq2blX+8vpgxDdK3J1PwjCJiep77OitTZ4Ll1A=="],

    "minipass": ["minipass@7.1.3", "", {}, "sha512-tEBHqDnIoM/1rXME1zgka9g6Q2lcoCkxHLuc7ODJ5BxbP5d4c2Z5cGgtXAku59200Cx7diuHTOYfSBD8n6mm8A=="],

    "nodemailer": ["nodemailer@10.0.13", "", {}, "sha512-SzG86OlvcW/NNhUFC6uROMwRTL4n7MswfQqC/T8mhkmnY1YVa23zUEMYi4ijSeXSl9GLz9ZeTJDUatEDuY5FeQ=="],

    "oxc-parser": ["oxc-parser@0.152.0", "", { "dependencies": { "@oxc-project/types": "^0.152.0" }, "optionalDependencies": { "@oxc-parser/binding-android-arm-eabi": "0.152.0", "@oxc-parser/binding-android-arm64": "0.152.0", "@oxc-parser/binding-darwin-arm64": "0.152.0", "@oxc-parser/binding-darwin-x64": "0.152.0", "@oxc-parser/binding-freebsd-x64": "0.152.0", "@oxc-parser/binding-linux-arm-gnueabihf": "0.152.0", "@oxc-parser/binding-linux-arm-musleabihf": "0.152.0", "@oxc-parser/binding-linux-arm64-gnu": "0.152.0", "@oxc-parser/binding-linux-arm64-musl": "0.152.0", "@oxc-parser/binding-linux-ppc64-gnu": "0.152.0", "@oxc-parser/binding-linux-riscv64-gnu": "0.152.0", "@oxc-parser/binding-linux-riscv64-musl": "0.152.0", "@oxc-parser/binding-linux-s390x-gnu": "0.152.0", "@oxc-parser/binding-linux-x64-gnu": "0.152.0", "@oxc-parser/binding-linux-x64-musl": "0.152.0", "@oxc-parser/binding-openharmony-arm64": "0.152.0", "@oxc-parser/binding-win32-arm64-msvc": "0.152.0", "@oxc-parser/binding-win32-ia32-msvc": "0.152.0", "@oxc-parser/binding-win32-x64-msvc": "0.152.0" } }, "sha512-ZztsZgaCWmPeKYMdoTT5e0oV/oxD1NeLWNR3kAtr/G707cUPYaaozRlVDHLCGnszHJRszN9mJwmPNpqgwloC0A=="],

    "path-scurry": ["path-scurry@2.0.2", "", { "dependencies": { "lru-cache": "^11.0.0", "minipass": "^7.1.2" } }, "sha512-3O/iVVsJAPsOnpwWIeD+d6z/7PmqApyQePUtCndjatj/9I5LylHvt5qluFaBT3I5h3r1ejfR056c+FCv+NnNXg=="],

    "sentry": ["sentry@0.45.0", "", { "bin": { "sentry": "dist/bin.cjs" } }, "sha512-kgmEbLlC22lL7uneeUm9Sjz65rp5cvwYOMTxXbZCmBum4sbVre/lLT3zTV3kwXHJ9/BM8ZS0/GhZe9Cl1t6WyA=="],

    "supports-color": ["supports-color@8.1.1", "", { "dependencies": { "has-flag": "^4.0.0" } }, "sha512-MpUEN2OodtUzxvKQl72cUF7RQ5EiHsGvSsVG0ia9c5RbWGL2CI4C7EpPS8UTBIplnlzZiNuV56w+FuNxy3ty2Q=="],
  }
}
